
Microsoft Visual Studio Solution File, Format Version 12.00
# Visual Studio Version 17
VisualStudioVersion = 17.8.34511.84
MinimumVisualStudioVersion = 10.0.40219.1
Project("{FAE04EC0-301F-11D3-BF4B-00C04F79EFBC}") = "Simple_Auto_Auth", "Simple_Auto_Auth\Simple_Auto_Auth.csproj", "{6F2DA47E-9433-4DC3-9061-70AF44E888B5}"
EndProject
Global
	GlobalSection(SolutionConfigurationPlatforms) = preSolution
		Debug|Any CPU = Debug|Any CPU
		Release|Any CPU = Release|Any CPU
	EndGlobalSection
	GlobalSection(ProjectConfigurationPlatforms) = postSolution
		{6F2DA47E-9433-4DC3-9061-70AF44E888B5}.Debug|Any CPU.ActiveCfg = Debug|Any CPU
		{6F2DA47E-9433-4DC3-9061-70AF44E888B5}.Debug|Any CPU.Build.0 = Debug|Any CPU
		{6F2DA47E-9433-4DC3-9061-70AF44E888B5}.Release|Any CPU.ActiveCfg = Release|Any CPU
		{6F2DA47E-9433-4DC3-9061-70AF44E888B5}.Release|Any CPU.Build.0 = Release|Any CPU
	EndGlobalSection
	GlobalSection(SolutionProperties) = preSolution
		HideSolutionNode = FALSE
	EndGlobalSection
	GlobalSection(ExtensibilityGlobals) = postSolution
		SolutionGuid = {B55B9E3A-E532-4426-9ADD-E6ED5E633BE8}
	EndGlobalSection
EndGlobal
